
Microsoft Visual Studio Solution File, Format Version 12.00
# Visual Studio 15
VisualStudioVersion = 15.0.28307.902
MinimumVisualStudioVersion = 10.0.40219.1
Project("{FAE04EC0-301F-11D3-BF4B-00C04F79EFBC}") = "Json2xml", "Json2xml\Json2xml.csproj", "{063164CE-0B90-48A4-B07D-F684D5C05F07}"
EndProject
Global
	GlobalSection(SolutionConfigurationPlatforms) = preSolution
		Debug|Any CPU = Debug|Any CPU
		Release|Any CPU = Release|Any CPU
	EndGlobalSection
	GlobalSection(ProjectConfigurationPlatforms) = postSolution
		{063164CE-0B90-48A4-B07D-F684D5C05F07}.Debug|Any CPU.ActiveCfg = Debug|Any CPU
		{063164CE-0B90-48A4-B07D-F684D5C05F07}.Debug|Any CPU.Build.0 = Debug|Any CPU
		{063164CE-0B90-48A4-B07D-F684D5C05F07}.Release|Any CPU.ActiveCfg = Release|Any CPU
		{063164CE-0B90-48A4-B07D-F684D5C05F07}.Release|Any CPU.Build.0 = Release|Any CPU
	EndGlobalSection
	GlobalSection(SolutionProperties) = preSolution
		HideSolutionNode = FALSE
	EndGlobalSection
	GlobalSection(ExtensibilityGlobals) = postSolution
		SolutionGuid = {096EF277-EB62-4D1F-9DA8-1AF9373F0C9B}
	EndGlobalSection
EndGlobal
